
Microsoft Visual Studio Solution File, Format Version 12.00
# Visual Studio Version 16
VisualStudioVersion = 16.0.30717.126
MinimumVisualStudioVersion = 10.0.40219.1
Project("{FAE04EC0-301F-11D3-BF4B-00C04F79EFBC}") = "AdventOfCode", "AdventOfCode\AdventOfCode.csproj", "{3C12E0FB-2152-46D3-A909-6F15F4DF4652}"
EndProject
Global
	GlobalSection(SolutionConfigurationPlatforms) = preSolution
		Debug|Any CPU = Debug|Any CPU
		Release|Any CPU = Release|Any CPU
	EndGlobalSection
	GlobalSection(ProjectConfigurationPlatforms) = postSolution
		{3C12E0FB-2152-46D3-A909-6F15F4DF4652}.Debug|Any CPU.ActiveCfg = Debug|Any CPU
		{3C12E0FB-2152-46D3-A909-6F15F4DF4652}.Debug|Any CPU.Build.0 = Debug|Any CPU
		{3C12E0FB-2152-46D3-A909-6F15F4DF4652}.Release|Any CPU.ActiveCfg = Release|Any CPU
		{3C12E0FB-2152-46D3-A909-6F15F4DF4652}.Release|Any CPU.Build.0 = Release|Any CPU
	EndGlobalSection
	GlobalSection(SolutionProperties) = preSolution
		HideSolutionNode = FALSE
	EndGlobalSection
	GlobalSection(ExtensibilityGlobals) = postSolution
		SolutionGuid = {1C87F4F3-5369-4E26-A022-E88286D714A9}
	EndGlobalSection
EndGlobal
